
Microsoft Visual Studio Solution File, Format Version 12.00
# Visual Studio 15
VisualStudioVersion = 15.0.27421.1
MinimumVisualStudioVersion = 10.0.40219.1
Project("{FAE04EC0-301F-11D3-BF4B-00C04F79EFBC}") = "App20", "App20\App20.csproj", "{12CA0D78-3D33-4857-8F19-F103F78B5218}"
EndProject
Project("{9A19103F-16F7-4668-BE54-9A1E7A4F7556}") = "App21", "App21\App21.csproj", "{82FF32CB-B9A0-494F-822F-88EC6DCE2015}"
EndProject
Global
	GlobalSection(SolutionConfigurationPlatforms) = preSolution
		Debug|Any CPU = Debug|Any CPU
		Release|Any CPU = Release|Any CPU
	EndGlobalSection
	GlobalSection(ProjectConfigurationPlatforms) = postSolution
		{12CA0D78-3D33-4857-8F19-F103F78B5218}.Debug|Any CPU.ActiveCfg = Debug|Any CPU
		{12CA0D78-3D33-4857-8F19-F103F78B5218}.Debug|Any CPU.Build.0 = Debug|Any CPU
		{12CA0D78-3D33-4857-8F19-F103F78B5218}.Release|Any CPU.ActiveCfg = Release|Any CPU
		{12CA0D78-3D33-4857-8F19-F103F78B5218}.Release|Any CPU.Build.0 = Release|Any CPU
		{82FF32CB-B9A0-494F-822F-88EC6DCE2015}.Debug|Any CPU.ActiveCfg = Debug|Any CPU
		{82FF32CB-B9A0-494F-822F-88EC6DCE2015}.Debug|Any CPU.Build.0 = Debug|Any CPU
		{82FF32CB-B9A0-494F-822F-88EC6DCE2015}.Release|Any CPU.ActiveCfg = Release|Any CPU
		{82FF32CB-B9A0-494F-822F-88EC6DCE2015}.Release|Any CPU.Build.0 = Release|Any CPU
	EndGlobalSection
	GlobalSection(SolutionProperties) = preSolution
		HideSolutionNode = FALSE
	EndGlobalSection
	GlobalSection(ExtensibilityGlobals) = postSolution
		SolutionGuid = {C4B70D9F-E851-49AB-8FB2-DDE04582A562}
	EndGlobalSection
EndGlobal
